
Microsoft Visual Studio Solution File, Format Version 12.00
# Visual Studio 15
VisualStudioVersion = 15.0.26730.16
MinimumVisualStudioVersion = 10.0.40219.1
Project("{FAE04EC0-301F-11D3-BF4B-00C04F79EFBC}") = "CompanyLister", "InsitenCode\CompanyLister.csproj", "{1E8B5078-4DA7-43D4-B92D-B0B96312362B}"
EndProject
Global
	GlobalSection(SolutionConfigurationPlatforms) = preSolution
		Debug|Any CPU = Debug|Any CPU
		Release|Any CPU = Release|Any CPU
	EndGlobalSection
	GlobalSection(ProjectConfigurationPlatforms) = postSolution
		{1E8B5078-4DA7-43D4-B92D-B0B96312362B}.Debug|Any CPU.ActiveCfg = Debug|Any CPU
		{1E8B5078-4DA7-43D4-B92D-B0B96312362B}.Debug|Any CPU.Build.0 = Debug|Any CPU
		{1E8B5078-4DA7-43D4-B92D-B0B96312362B}.Release|Any CPU.ActiveCfg = Release|Any CPU
		{1E8B5078-4DA7-43D4-B92D-B0B96312362B}.Release|Any CPU.Build.0 = Release|Any CPU
	EndGlobalSection
	GlobalSection(SolutionProperties) = preSolution
		HideSolutionNode = FALSE
	EndGlobalSection
	GlobalSection(ExtensibilityGlobals) = postSolution
		SolutionGuid = {82F8EE3B-D2B9-48D9-BC3C-A9A6FCC1C39A}
	EndGlobalSection
EndGlobal
